thing:
  id: philip-tetlock
  stableId: BCisPStEdQ
  type: person
  name: Philip Tetlock
  aliases:
    - "Philip Tetlock (Forecasting Pioneer)"
  numericId: E434
facts:
  - id: f_gv0LsY9KoQ
    property: description
    value: Psychologist and forecasting researcher who pioneered the science of
      superforecasting through the Good Judgment Project, demonstrating that
      systematic forecasting methods can outperform expert predictions and
      intelligence analysts.
    asOf: 2026-03
    notes: Migrated from old entity system
  - id: jjWpOtd4OQ
    property: born-year
    value: 1954
    source: https://www.wikidata.org/wiki/Q2086480
    notes: From Wikidata Q2086480
  - id: PLYgQRHbJA
    property: education
    value: Yale University; University of British Columbia
    source: https://www.wikidata.org/wiki/Q2086480
    notes: From Wikidata Q2086480

  - id: f_pT3rK7mW5x
    property: role
    value: "Leonore Annenberg University Professor"
    asOf: 2010-12
    notes: Enriched from wiki page; cross-appointed at Wharton School and School of Arts and Sciences, University of Pennsylvania

  - id: f_pT6tN2pQ1v
    property: notable-for
    value: "Pioneered science of superforecasting; authored Expert Political Judgment (2005) and Superforecasting (2015); co-led Good Judgment Project winning IARPA tournament 2011-2015; identified superforecasters outperforming intelligence analysts by 60-85%"
    asOf: 2026-03
    notes: Enriched from wiki page

  - id: f_pT9wS5jH4d
    property: employed-by
    value: !ref Zx7ckq6syw
    asOf: 2011-01
    notes: Enriched from wiki page; co-founded Good Judgment Project and Good Judgment Inc.

  - id: f_pTfB4gN7mD
    property: education
    value: "B.A. Psychology, University of British Columbia (1975); M.A. Psychology (1976); Ph.D. Psychology, Yale University (1979)"
    notes: Enriched from wiki page
